{
  "nodes": {
    "app2unit": {
      "inputs": {
        "nixpkgs": [
          "nixpkgs"
        ]
      },
      "locked": {
        "lastModified": 1754708301,
        "narHash": "sha256-rtgEwE5YkFJnKca1pfI89oNlXNQChmDakpAfPCn0NAc=",
        "owner": "soramanew",
        "repo": "app2unit",
        "rev": "dc998d8d4ff10265aa845b7eed63cca74bf7e6e3",
        "type": "github"
      },
      "original": {
        "owner": "soramanew",
        "repo": "app2unit",
        "type": "github"
      }
    },
    "caelestia-cli": {
      "inputs": {
        "caelestia-shell": [],
        "nixpkgs": [
          "nixpkgs"
        ]
      },
      "locked": {
        "lastModified": 1781152907,
        "narHash": "sha256-IewZYKD3R00VrgFHhI/W12wh+fbirwQwKtI4+jhqBKw=",
        "owner": "caelestia-dots",
        "repo": "cli",
        "rev": "b790c327155f64843882afe572adb3c5c5b775b0",
        "type": "github"
      },
      "original": {
        "owner": "caelestia-dots",
        "repo": "cli",
        "type": "github"
      }
    },
    "nixpkgs": {
      "locked": {
        "lastModified": 1781074563,
        "narHash": "sha256-md8WlXOlfnIeHeOScMTTHFyf2d6iaTwPl2apR5EQ3P4=",
        "owner": "nixos",
        "repo": "nixpkgs",
        "rev": "9ae611a455b90cf061d8f332b977e387bda8e1ca",
        "type": "github"
      },
      "original": {
        "owner": "nixos",
        "ref": "nixos-unstable",
        "repo": "nixpkgs",
        "type": "github"
      }
    },
    "quickshell": {
      "inputs": {
        "nixpkgs": [
          "nixpkgs"
        ]
      },
      "locked": {
        "lastModified": 1781053488,
        "narHash": "sha256-P4WEBaKgl8flRckHxXGHzT0potPvB3x8ZFIp9gLEAMY=",
        "ref": "refs/heads/master",
        "rev": "d99d87d5e5ec4e696815348692fdaaf0b6be1b2c",
        "revCount": 822,
        "type": "git",
        "url": "https://git.outfoxxed.me/outfoxxed/quickshell"
      },
      "original": {
        "type": "git",
        "url": "https://git.outfoxxed.me/outfoxxed/quickshell"
      }
    },
    "root": {
      "inputs": {
        "app2unit": "app2unit",
        "caelestia-cli": "caelestia-cli",
        "nixpkgs": "nixpkgs",
        "quickshell": "quickshell"
      }
    }
  },
  "root": "root",
  "version": 7
}
