{
  "nodes": {
    "app2unit": {
      "inputs": {
        "nixpkgs": [
          "nixpkgs"
        ]
      },
      "locked": {
        "lastModified": 1754708301,
        "narHash": "sha256-rtgEwE5YkFJnKca1pfI89oNlXNQChmDakpAfPCn0NAc=",
        "owner": "soramanew",
        "repo": "app2unit",
        "rev": "dc998d8d4ff10265aa845b7eed63cca74bf7e6e3",
        "type": "github"
      },
      "original": {
        "owner": "soramanew",
        "repo": "app2unit",
        "type": "github"
      }
    },
    "caelestia-cli": {
      "inputs": {
        "caelestia-shell": [],
        "nixpkgs": [
          "nixpkgs"
        ]
      },
      "locked": {
        "lastModified": 1789537917,
        "narHash": "sha256-GAkpjkhq993sBp7C2/wS9rdd27SIfQwHsUbXMXfx+iU=",
        "owner": "caelestia-dots",
        "repo": "cli",
        "rev": "ffaf2a060047fdd8aa6685d30756c56d7b78fced",
        "type": "github"
      },
      "original": {
        "owner": "caelestia-dots",
        "repo": "cli",
        "type": "github"
      }
    },
    "nixpkgs": {
      "locked": {
        "lastModified": 1789546076,
        "narHash": "sha256-zVxLZiSnmaaPLwnhj7pwmqe3axBg/C6nG5JZsJMh2g4=",
        "owner": "nixos",
        "repo": "nixpkgs",
        "rev": "b1b875982b17dabde9b4a37f3e229e74913e6db3",
        "type": "github"
      },
      "original": {
        "owner": "nixos",
        "ref": "nixos-unstable",
        "repo": "nixpkgs",
        "type": "github"
      }
    },
    "quickshell": {
      "inputs": {
        "nixpkgs": [
          "nixpkgs"
        ]
      },
      "locked": {
        "lastModified": 1789461462,
        "narHash": "sha256-J1n+c46qiTmV6gNDqndbhrfDR2R47QLXQNFrf1idTvM=",
        "ref": "refs/heads/master",
        "rev": "c6a516096dd84d5255b409482eb4bf740b952f88",
        "revCount": 860,
        "type": "git",
        "url": "https://git.outfoxxed.me/outfoxxed/quickshell"
      },
      "original": {
        "type": "git",
        "url": "https://git.outfoxxed.me/outfoxxed/quickshell"
      }
    },
    "root": {
      "inputs": {
        "app2unit": "app2unit",
        "caelestia-cli": "caelestia-cli",
        "nixpkgs": "nixpkgs",
        "quickshell": "quickshell"
      }
    }
  },
  "root": "root",
  "version": 7
}
