{
  "nodes": {
    "app2unit": {
      "inputs": {
        "nixpkgs": [
          "nixpkgs"
        ]
      },
      "locked": {
        "lastModified": 1754708301,
        "narHash": "sha256-rtgEwE5YkFJnKca1pfI89oNlXNQChmDakpAfPCn0NAc=",
        "owner": "soramanew",
        "repo": "app2unit",
        "rev": "dc998d8d4ff10265aa845b7eed63cca74bf7e6e3",
        "type": "github"
      },
      "original": {
        "owner": "soramanew",
        "repo": "app2unit",
        "type": "github"
      }
    },
    "caelestia-cli": {
      "inputs": {
        "caelestia-shell": [],
        "nixpkgs": [
          "nixpkgs"
        ]
      },
      "locked": {
        "lastModified": 1775703218,
        "narHash": "sha256-DXMsRB+f0lXMCFJeFjMCa3IIRNsdJuTuDtgDdrvX9DE=",
        "owner": "caelestia-dots",
        "repo": "cli",
        "rev": "b4b26ab5d50dd56ec7c5c64fa125b6d8da75b702",
        "type": "github"
      },
      "original": {
        "owner": "caelestia-dots",
        "repo": "cli",
        "type": "github"
      }
    },
    "nixpkgs": {
      "locked": {
        "lastModified": 1775423009,
        "narHash": "sha256-vPKLpjhIVWdDrfiUM8atW6YkIggCEKdSAlJPzzhkQlw=",
        "owner": "nixos",
        "repo": "nixpkgs",
        "rev": "68d8aa3d661f0e6bd5862291b5bb263b2a6595c9",
        "type": "github"
      },
      "original": {
        "owner": "nixos",
        "ref": "nixos-unstable",
        "repo": "nixpkgs",
        "type": "github"
      }
    },
    "quickshell": {
      "inputs": {
        "nixpkgs": [
          "nixpkgs"
        ]
      },
      "locked": {
        "lastModified": 1775720097,
        "narHash": "sha256-p+vqkCuFfVNyQBo370wr6MebNUvz55RZiC0m8YKUhvQ=",
        "ref": "refs/heads/master",
        "rev": "d4c92973b53d9fa34cc110d3b974eb6bde5b3027",
        "revCount": 800,
        "type": "git",
        "url": "https://git.outfoxxed.me/outfoxxed/quickshell"
      },
      "original": {
        "type": "git",
        "url": "https://git.outfoxxed.me/outfoxxed/quickshell"
      }
    },
    "root": {
      "inputs": {
        "app2unit": "app2unit",
        "caelestia-cli": "caelestia-cli",
        "nixpkgs": "nixpkgs",
        "quickshell": "quickshell"
      }
    }
  },
  "root": "root",
  "version": 7
}
